{
  "name": "weather",
  "lockfileVersion": 3,
  "requires": true,
  "packages": {
    "": {
      "dependencies": {
        "hono": "^4.12.17"
      }
    },
    "node_modules/hono": {
      "version": "4.12.17",
      "resolved": "https://registry.npmjs.org/hono/-/hono-4.12.17.tgz",
      "integrity": "sha512-FbJJNb/XgX7YW0hX/V8w5oYLztKEsRLykCMZWt1WdLtsfjzMvmoqWBA4H4t5norinq8/rh20oiZYr+WSl4UzAQ==",
      "engines": {
        "node": ">=16.9.0"
      }
    }
  }
}
